
Microsoft Visual Studio Solution File, Format Version 12.00
# Visual Studio Version 16
VisualStudioVersion = 16.0.29613.14
MinimumVisualStudioVersion = 10.0.40219.1
Project("{888888A0-9F3D-457C-B088-3A5042F75D52}") = "RSA_Project_MAT361_Group3", "RSA_Project_MAT361_Group3.pyproj", "{DB00DB48-00D5-4176-B5EE-39CC8107B720}"
EndProject
Global
	GlobalSection(SolutionConfigurationPlatforms) = preSolution
		Debug|Any CPU = Debug|Any CPU
		Release|Any CPU = Release|Any CPU
	EndGlobalSection
	GlobalSection(ProjectConfigurationPlatforms) = postSolution
		{DB00DB48-00D5-4176-B5EE-39CC8107B720}.Debug|Any CPU.ActiveCfg = Debug|Any CPU
		{DB00DB48-00D5-4176-B5EE-39CC8107B720}.Release|Any CPU.ActiveCfg = Release|Any CPU
	EndGlobalSection
	GlobalSection(SolutionProperties) = preSolution
		HideSolutionNode = FALSE
	EndGlobalSection
	GlobalSection(ExtensibilityGlobals) = postSolution
		SolutionGuid = {FF618068-2430-4E02-AAE5-B446250676CE}
	EndGlobalSection
EndGlobal
